
Microsoft Visual Studio Solution File, Format Version 12.00
# Visual Studio 2012
Project("{FAE04EC0-301F-11D3-BF4B-00C04F79EFBC}") = "Demo.iOS", "Demo.iOS\Demo.iOS.csproj", "{9FF67C9F-3F58-4266-B4DD-BCE64494199C}"
EndProject
Project("{FAE04EC0-301F-11D3-BF4B-00C04F79EFBC}") = "Demo.Core", "Demo.Core\Demo.Core.csproj", "{D1C8218E-9A09-4334-BC3D-8D72C0ABA7B8}"
EndProject
Project("{FAE04EC0-301F-11D3-BF4B-00C04F79EFBC}") = "Demo.API", "Demo.API\Demo.API.csproj", "{223AEAF9-6B47-4F48-B562-3CC594AF820C}"
EndProject
Global
	GlobalSection(SolutionConfigurationPlatforms) = preSolution
		Debug|iPhoneSimulator = Debug|iPhoneSimulator
		Release|iPhone = Release|iPhone
		Release|iPhoneSimulator = Release|iPhoneSimulator
		Debug|iPhone = Debug|iPhone
	EndGlobalSection
	GlobalSection(ProjectConfigurationPlatforms) = postSolution
		{223AEAF9-6B47-4F48-B562-3CC594AF820C}.Debug|iPhone.ActiveCfg = Debug|Any CPU
		{223AEAF9-6B47-4F48-B562-3CC594AF820C}.Debug|iPhone.Build.0 = Debug|Any CPU
		{223AEAF9-6B47-4F48-B562-3CC594AF820C}.Debug|iPhoneSimulator.ActiveCfg = Debug|Any CPU
		{223AEAF9-6B47-4F48-B562-3CC594AF820C}.Debug|iPhoneSimulator.Build.0 = Debug|Any CPU
		{223AEAF9-6B47-4F48-B562-3CC594AF820C}.Release|iPhone.ActiveCfg = Release|Any CPU
		{223AEAF9-6B47-4F48-B562-3CC594AF820C}.Release|iPhone.Build.0 = Release|Any CPU
		{223AEAF9-6B47-4F48-B562-3CC594AF820C}.Release|iPhoneSimulator.ActiveCfg = Release|Any CPU
		{223AEAF9-6B47-4F48-B562-3CC594AF820C}.Release|iPhoneSimulator.Build.0 = Release|Any CPU
		{9FF67C9F-3F58-4266-B4DD-BCE64494199C}.Debug|iPhone.ActiveCfg = Debug|iPhone
		{9FF67C9F-3F58-4266-B4DD-BCE64494199C}.Debug|iPhone.Build.0 = Debug|iPhone
		{9FF67C9F-3F58-4266-B4DD-BCE64494199C}.Debug|iPhoneSimulator.ActiveCfg = Debug|iPhoneSimulator
		{9FF67C9F-3F58-4266-B4DD-BCE64494199C}.Debug|iPhoneSimulator.Build.0 = Debug|iPhoneSimulator
		{9FF67C9F-3F58-4266-B4DD-BCE64494199C}.Release|iPhone.ActiveCfg = Release|iPhone
		{9FF67C9F-3F58-4266-B4DD-BCE64494199C}.Release|iPhone.Build.0 = Release|iPhone
		{9FF67C9F-3F58-4266-B4DD-BCE64494199C}.Release|iPhoneSimulator.ActiveCfg = Release|iPhoneSimulator
		{9FF67C9F-3F58-4266-B4DD-BCE64494199C}.Release|iPhoneSimulator.Build.0 = Release|iPhoneSimulator
		{D1C8218E-9A09-4334-BC3D-8D72C0ABA7B8}.Debug|iPhone.ActiveCfg = Debug|Any CPU
		{D1C8218E-9A09-4334-BC3D-8D72C0ABA7B8}.Debug|iPhone.Build.0 = Debug|Any CPU
		{D1C8218E-9A09-4334-BC3D-8D72C0ABA7B8}.Debug|iPhoneSimulator.ActiveCfg = Debug|Any CPU
		{D1C8218E-9A09-4334-BC3D-8D72C0ABA7B8}.Debug|iPhoneSimulator.Build.0 = Debug|Any CPU
		{D1C8218E-9A09-4334-BC3D-8D72C0ABA7B8}.Release|iPhone.ActiveCfg = Release|Any CPU
		{D1C8218E-9A09-4334-BC3D-8D72C0ABA7B8}.Release|iPhone.Build.0 = Release|Any CPU
		{D1C8218E-9A09-4334-BC3D-8D72C0ABA7B8}.Release|iPhoneSimulator.ActiveCfg = Release|Any CPU
		{D1C8218E-9A09-4334-BC3D-8D72C0ABA7B8}.Release|iPhoneSimulator.Build.0 = Release|Any CPU
	EndGlobalSection
EndGlobal
